PODS:
  - Action (4.0.0):
    - RxCocoa (~> 5.0)
    - RxSwift (~> 5.0)
  - Alamofire (4.9.0)
  - Differentiator (4.0.1)
  - "NSObject+Rx (5.0.2)":
    - RxSwift (~> 5.0)
  - ReachabilitySwift (4.3.1)
  - RxAlamofire (5.0.0):
    - RxAlamofire/Core (= 5.0.0)
  - RxAlamofire/Core (5.0.0):
    - Alamofire (~> 4.8)
    - RxSwift (~> 5.0)
  - RxCocoa (5.0.0):
    - RxRelay (~> 5)
    - RxSwift (~> 5)
  - RxDataSources (4.0.1):
    - Differentiator (~> 4.0)
    - RxCocoa (~> 5.0)
    - RxSwift (~> 5.0)
  - RxGesture (3.0.0):
    - RxCocoa (~> 5.0)
    - RxSwift (~> 5.0)
  - RxKeyboard (1.0.0):
    - RxCocoa (~> 5.0)
    - RxSwift (~> 5.0)
  - RxReachability (1.0.0):
    - ReachabilitySwift (~> 4.3.1)
    - RxCocoa (~> 5)
    - RxSwift (~> 5)
  - RxRelay (5.0.0):
    - RxSwift (~> 5)
  - RxSwift (5.0.0)
  - RxSwiftExt (5.1.1):
    - RxSwiftExt/Core (= 5.1.1)
    - RxSwiftExt/RxCocoa (= 5.1.1)
  - RxSwiftExt/Core (5.1.1):
    - RxSwift (~> 5.0)
  - RxSwiftExt/RxCocoa (5.1.1):
    - RxCocoa (~> 5.0)
    - RxSwiftExt/Core

DEPENDENCIES:
  - Action
  - "NSObject+Rx"
  - RxAlamofire
  - RxCocoa
  - RxDataSources
  - RxGesture
  - RxKeyboard
  - RxReachability
  - RxSwift (~> 5.0.0)
  - RxSwiftExt

SPEC REPOS:
  https://github.com/CocoaPods/Specs.git:
    - Action
    - Alamofire
    - Differentiator
    - "NSObject+Rx"
    - ReachabilitySwift
    - RxAlamofire
    - RxCocoa
    - RxDataSources
    - RxGesture
    - RxKeyboard
    - RxReachability
    - RxRelay
    - RxSwift
    - RxSwiftExt

SPEC CHECKSUMS:
  Action: 0d14986aad0f1330aa27ce65d0cdeaacbb63d91c
  Alamofire: afc3e7c6db61476cb45cdd23fed06bad03bbc321
  Differentiator: 886080237d9f87f322641dedbc5be257061b0602
  "NSObject+Rx": 2eb2cf51fd1c554118449a7fbc36e4cd620b9e94
  ReachabilitySwift: 4032e2f59586e11e3b0ebe15b167abdd587a388b
  RxAlamofire: e7875a012aff55345672d0f70a2a9cd6aeb0f211
  RxCocoa: fcf32050ac00d801f34a7f71d5e8e7f23026dcd8
  RxDataSources: efee07fa4de48477eca0a4611e6d11e2da9c1114
  RxGesture: 0cd8e37ff9a266e1c31f46bcaed6de1c536bc81e
  RxKeyboard: 6683c4344304a00f943c158bd8a43ce5469c82a7
  RxReachability: 21d3e96f39bc166a21c357e923f47dec148ca97b
  RxRelay: 4f7409406a51a55cd88483f21ed898c234d60f18
  RxSwift: 8b0671caa829a763bbce7271095859121cbd895f
  RxSwiftExt: 0d2fd77523a169d1459be34961b996a194bdef0e

PODFILE CHECKSUM: 83748d62a8ed30ec84e473df887cb482113cb550

COCOAPODS: 1.8.3
