PODS:
  - Action (5.0.0):
    - RxCocoa (~> 6.0)
    - RxSwift (~> 6.0)
  - Alamofire (5.4.4)
  - Differentiator (5.0.0)
  - "NSObject+Rx (5.2.2)":
    - RxSwift (~> 6.2)
  - ReachabilitySwift (5.0.0)
  - RxAlamofire (6.1.1):
    - RxAlamofire/Core (= 6.1.1)
  - RxAlamofire/Core (6.1.1):
    - Alamofire (~> 5.4)
    - RxSwift (~> 6.0)
  - RxCocoa (6.2.0):
    - RxRelay (= 6.2.0)
    - RxSwift (= 6.2.0)
  - RxDataSources (5.0.0):
    - Differentiator (~> 5.0)
    - RxCocoa (~> 6.0)
    - RxSwift (~> 6.0)
  - RxGesture (4.0.2):
    - RxCocoa (~> 6.0)
    - RxSwift (~> 6.0)
  - RxKeyboard (2.0.0):
    - RxCocoa (~> 6.0)
    - RxSwift (~> 6.0)
  - RxReachability (1.2.1):
    - ReachabilitySwift (< 6.0, >= 5.0)
    - RxCocoa (~> 6)
    - RxSwift (~> 6)
  - RxRelay (6.2.0):
    - RxSwift (= 6.2.0)
  - RxSwift (6.2.0)
  - RxSwiftExt (6.0.1):
    - RxSwiftExt/Core (= 6.0.1)
    - RxSwiftExt/RxCocoa (= 6.0.1)
  - RxSwiftExt/Core (6.0.1):
    - RxSwift (~> 6.0)
  - RxSwiftExt/RxCocoa (6.0.1):
    - RxCocoa (~> 6.0)
    - RxSwiftExt/Core

DEPENDENCIES:
  - Action
  - "NSObject+Rx"
  - RxAlamofire
  - RxCocoa
  - RxDataSources
  - RxGesture
  - RxKeyboard
  - RxReachability
  - RxSwift (= 6.2.0)
  - RxSwiftExt

SPEC REPOS:
  trunk:
    - Action
    - Alamofire
    - Differentiator
    - "NSObject+Rx"
    - ReachabilitySwift
    - RxAlamofire
    - RxCocoa
    - RxDataSources
    - RxGesture
    - RxKeyboard
    - RxReachability
    - RxRelay
    - RxSwift
    - RxSwiftExt

SPEC CHECKSUMS:
  Action: 47f1825511907b4fcd79dd7a7db9526c20f78018
  Alamofire: f3b09a368f1582ab751b3fff5460276e0d2cf5c9
  Differentiator: e8497ceab83c1b10ca233716d547b9af21b9344d
  "NSObject+Rx": 61cf1f7306a73dcef8b36649198af0813ec18dfd
  ReachabilitySwift: 985039c6f7b23a1da463388634119492ff86c825
  RxAlamofire: beb75a1c452d0de225651db4903f5d29d034a620
  RxCocoa: 4baf94bb35f2c0ab31bc0cb9f1900155f646ba42
  RxDataSources: aa47cc1ed6c500fa0dfecac5c979b723542d79cf
  RxGesture: f059f2aeef966fb17dad56ee440e76410f10e55f
  RxKeyboard: 4f5863f43b4ff0cbb2a20b94688d6b80c8a43c14
  RxReachability: bfd13548bf1dac7a877082d13918a9f39bdb5c18
  RxRelay: e72dbfd157807478401ef1982e1c61c945c94b2f
  RxSwift: d356ab7bee873611322f134c5f9ef379fa183d8f
  RxSwiftExt: d61c4b9b06e0a448041b1c659e0f1b5c5a035afc

PODFILE CHECKSUM: 2172c8714a57a16ad0081bde4c2775768b891108

COCOAPODS: 1.11.2
